
Microsoft Visual Studio Solution File, Format Version 12.00
# Visual Studio Version 17
VisualStudioVersion = 17.2.32516.85
MinimumVisualStudioVersion = 10.0.40219.1
Project("{FAE04EC0-301F-11D3-BF4B-00C04F79EFBC}") = "WebCamProject", "WebCamProject\WebCamProject.csproj", "{59E06048-9EF9-4381-BAB5-2FE8E2DCC2C6}"
EndProject
Global
	GlobalSection(SolutionConfigurationPlatforms) = preSolution
		Debug|Any CPU = Debug|Any CPU
		Release|Any CPU = Release|Any CPU
	EndGlobalSection
	GlobalSection(ProjectConfigurationPlatforms) = postSolution
		{59E06048-9EF9-4381-BAB5-2FE8E2DCC2C6}.Debug|Any CPU.ActiveCfg = Debug|Any CPU
		{59E06048-9EF9-4381-BAB5-2FE8E2DCC2C6}.Debug|Any CPU.Build.0 = Debug|Any CPU
		{59E06048-9EF9-4381-BAB5-2FE8E2DCC2C6}.Release|Any CPU.ActiveCfg = Release|Any CPU
		{59E06048-9EF9-4381-BAB5-2FE8E2DCC2C6}.Release|Any CPU.Build.0 = Release|Any CPU
	EndGlobalSection
	GlobalSection(SolutionProperties) = preSolution
		HideSolutionNode = FALSE
	EndGlobalSection
	GlobalSection(ExtensibilityGlobals) = postSolution
		SolutionGuid = {66F0652C-A6F9-49A8-A4D0-259B7C7ADC9F}
	EndGlobalSection
EndGlobal
